
Microsoft Visual Studio Solution File, Format Version 12.00
# Visual Studio Version 17
VisualStudioVersion = 17.7.34018.315
MinimumVisualStudioVersion = 10.0.40219.1
Project("{9A19103F-16F7-4668-BE54-9A1E7A4F7556}") = "oop1", "oop1\oop1.csproj", "{B7C73537-00CB-4195-98D0-7A5D00E59904}"
EndProject
Project("{9A19103F-16F7-4668-BE54-9A1E7A4F7556}") = "OOP_Class", "OOP_Class\OOP_Class.csproj", "{C98DCB74-AF35-4E2C-B433-7885841D79AA}"
EndProject
Project("{9A19103F-16F7-4668-BE54-9A1E7A4F7556}") = "การบ้าน", "การบ้าน\การบ้าน.csproj", "{A56B21F0-772A-4F37-9096-24E71CA08463}"
EndProject
Project("{FAE04EC0-301F-11D3-BF4B-00C04F79EFBC}") = "HW01", "HW01\HW01.csproj", "{95956183-98C3-4589-9919-781F6210FA27}"
EndProject
Project("{FAE04EC0-301F-11D3-BF4B-00C04F79EFBC}") = "PO2_Constructor", "PO2_Constructor\PO2_Constructor.csproj", "{B145504E-A5E4-4BE1-A325-60FC83BFB71C}"
EndProject
Global
	GlobalSection(SolutionConfigurationPlatforms) = preSolution
		Debug|Any CPU = Debug|Any CPU
		Release|Any CPU = Release|Any CPU
	EndGlobalSection
	GlobalSection(ProjectConfigurationPlatforms) = postSolution
		{B7C73537-00CB-4195-98D0-7A5D00E59904}.Debug|Any CPU.ActiveCfg = Debug|Any CPU
		{B7C73537-00CB-4195-98D0-7A5D00E59904}.Debug|Any CPU.Build.0 = Debug|Any CPU
		{B7C73537-00CB-4195-98D0-7A5D00E59904}.Release|Any CPU.ActiveCfg = Release|Any CPU
		{B7C73537-00CB-4195-98D0-7A5D00E59904}.Release|Any CPU.Build.0 = Release|Any CPU
		{C98DCB74-AF35-4E2C-B433-7885841D79AA}.Debug|Any CPU.ActiveCfg = Debug|Any CPU
		{C98DCB74-AF35-4E2C-B433-7885841D79AA}.Debug|Any CPU.Build.0 = Debug|Any CPU
		{C98DCB74-AF35-4E2C-B433-7885841D79AA}.Release|Any CPU.ActiveCfg = Release|Any CPU
		{C98DCB74-AF35-4E2C-B433-7885841D79AA}.Release|Any CPU.Build.0 = Release|Any CPU
		{A56B21F0-772A-4F37-9096-24E71CA08463}.Debug|Any CPU.ActiveCfg = Debug|Any CPU
		{A56B21F0-772A-4F37-9096-24E71CA08463}.Debug|Any CPU.Build.0 = Debug|Any CPU
		{A56B21F0-772A-4F37-9096-24E71CA08463}.Release|Any CPU.ActiveCfg = Release|Any CPU
		{A56B21F0-772A-4F37-9096-24E71CA08463}.Release|Any CPU.Build.0 = Release|Any CPU
		{95956183-98C3-4589-9919-781F6210FA27}.Debug|Any CPU.ActiveCfg = Debug|Any CPU
		{95956183-98C3-4589-9919-781F6210FA27}.Debug|Any CPU.Build.0 = Debug|Any CPU
		{95956183-98C3-4589-9919-781F6210FA27}.Release|Any CPU.ActiveCfg = Release|Any CPU
		{95956183-98C3-4589-9919-781F6210FA27}.Release|Any CPU.Build.0 = Release|Any CPU
		{B145504E-A5E4-4BE1-A325-60FC83BFB71C}.Debug|Any CPU.ActiveCfg = Debug|Any CPU
		{B145504E-A5E4-4BE1-A325-60FC83BFB71C}.Debug|Any CPU.Build.0 = Debug|Any CPU
		{B145504E-A5E4-4BE1-A325-60FC83BFB71C}.Release|Any CPU.ActiveCfg = Release|Any CPU
		{B145504E-A5E4-4BE1-A325-60FC83BFB71C}.Release|Any CPU.Build.0 = Release|Any CPU
	EndGlobalSection
	GlobalSection(SolutionProperties) = preSolution
		HideSolutionNode = FALSE
	EndGlobalSection
	GlobalSection(ExtensibilityGlobals) = postSolution
		SolutionGuid = {A544AB8A-7209-4985-B7DE-8F22A73B2A31}
	EndGlobalSection
EndGlobal
